<Solution>
  <Folder Name="/Solution Items/">
    <File Path="versions.props" />
  </Folder>
  <Folder Name="/src/">
    <Project Path="src/SufiChain.SufiBlazor/SufiChain.SufiBlazor.csproj" />
    <Project Path="src/SufiChain.SufiBlazor.Demo.Localization/SufiChain.SufiBlazor.Demo.Localization.csproj" />
    <Project Path="src/SufiChain.SufiBlazor.Demo/SufiChain.SufiBlazor.Demo.csproj" />
  </Folder>
  <Folder Name="/tests/">
    <Project Path="tests/SufiChain.SufiBlazor.Tests.csproj" />
  </Folder>
</Solution>
